// !$*UTF8*$!
{
	archiveVersion = 1;
	classes = {
	};
	objectVersion = 56;
	objects = {

/* Begin PBXBuildFile section */
		24B543B22A32492E000AF168 /* RecipesApp.swift in Sources */ = {isa = PBXBuildFile; fileRef = 24B543B12A32492E000AF168 /* RecipesApp.swift */; };
		24B543B42A32492E000AF168 /* ContentView.swift in Sources */ = {isa = PBXBuildFile; fileRef = 24B543B32A32492E000AF168 /* ContentView.swift */; };
		24B543B62A324930000AF168 /* Assets.xcassets in Resources */ = {isa = PBXBuildFile; fileRef = 24B543B52A324930000AF168 /* Assets.xcassets */; };
		24B543B92A324930000AF168 /* Preview Assets.xcassets in Resources */ = {isa = PBXBuildFile; fileRef = 24B543B82A324930000AF168 /* Preview Assets.xcassets */; };
		24B543C32A324930000AF168 /* RecipesTests.swift in Sources */ = {isa = PBXBuildFile; fileRef = 24B543C22A324930000AF168 /* RecipesTests.swift */; };
		24B543CD2A324930000AF168 /* RecipesUITests.swift in Sources */ = {isa = PBXBuildFile; fileRef = 24B543CC2A324930000AF168 /* RecipesUITests.swift */; };
		24B543CF2A324930000AF168 /* RecipesUITestsLaunchTests.swift in Sources */ = {isa = PBXBuildFile; fileRef = 24B543CE2A324930000AF168 /* RecipesUITestsLaunchTests.swift */; };
		24B543E02A3249DB000AF168 /* RecipeServiceCall.swift in Sources */ = {isa = PBXBuildFile; fileRef = 24B543DF2A3249DB000AF168 /* RecipeServiceCall.swift */; };
		24B543E32A32A774000AF168 /* RecipeData.swift in Sources */ = {isa = PBXBuildFile; fileRef = 24B543E22A32A774000AF168 /* RecipeData.swift */; };
		24B543E52A32A85A000AF168 /* RecipeViewModel.swift in Sources */ = {isa = PBXBuildFile; fileRef = 24B543E42A32A85A000AF168 /* RecipeViewModel.swift */; };
		24B543E72A32A8AE000AF168 /* SubView.swift in Sources */ = {isa = PBXBuildFile; fileRef = 24B543E62A32A8AE000AF168 /* SubView.swift */; };
		484CD36DF2D47A2A2BB29217 /* Pods_Recipes_RecipesUITests.framework in Frameworks */ = {isa = PBXBuildFile; fileRef = FB5BB8074CB1BDEF608D2FF9 /* Pods_Recipes_RecipesUITests.framework */; };
		5C6A3BD69134155BA1D1EBE2 /* Pods_RecipesTests.framework in Frameworks */ = {isa = PBXBuildFile; fileRef = E590B8CEE6D5E0C54DDA88B3 /* Pods_RecipesTests.framework */; };
		638200FF90620A78AA9E8956 /* Pods_Recipes.framework in Frameworks */ = {isa = PBXBuildFile; fileRef = 4904BC7D7FADFAE42030120A /* Pods_Recipes.framework */; settings = {ATTRIBUTES = (Required, ); }; };
/* End PBXBuildFile section */

/* Begin PBXContainerItemProxy section */
		24B543BF2A324930000AF168 /* PBXContainerItemProxy */ = {
			isa = PBXContainerItemProxy;
			containerPortal = 24B543A62A32492E000AF168 /* Project object */;
			proxyType = 1;
			remoteGlobalIDString = 24B543AD2A32492E000AF168;
			remoteInfo = Recipes;
		};
		24B543C92A324930000AF168 /* PBXContainerItemProxy */ = {
			isa = PBXContainerItemProxy;
			containerPortal = 24B543A62A32492E000AF168 /* Project object */;
			proxyType = 1;
			remoteGlobalIDString = 24B543AD2A32492E000AF168;
			remoteInfo = Recipes;
		};
/* End PBXContainerItemProxy section */

/* Begin PBXFileReference section */
		1F303A33A4D16D7F36978618 /* Pods-Recipes-RecipesUITests.release.xcconfig */ = {isa = PBXFileReference; includeInIndex = 1; lastKnownFileType = text.xcconfig; name = "Pods-Recipes-RecipesUITests.release.xcconfig"; path = "Target Support Files/Pods-Recipes-RecipesUITests/Pods-Recipes-RecipesUITests.release.xcconfig"; sourceTree = "<group>"; };
		24B543AE2A32492E000AF168 /* Recipes.app */ = {isa = PBXFileReference; explicitFileType = wrapper.application; includeInIndex = 0; path = Recipes.app; sourceTree = BUILT_PRODUCTS_DIR; };
		24B543B12A32492E000AF168 /* RecipesApp.swift */ = {isa = PBXFileReference; lastKnownFileType = sourcecode.swift; path = RecipesApp.swift; sourceTree = "<group>"; };
		24B543B32A32492E000AF168 /* ContentView.swift */ = {isa = PBXFileReference; lastKnownFileType = sourcecode.swift; path = ContentView.swift; sourceTree = "<group>"; };
		24B543B52A324930000AF168 /* Assets.xcassets */ = {isa = PBXFileReference; lastKnownFileType = folder.assetcatalog; path = Assets.xcassets; sourceTree = "<group>"; };
		24B543B82A324930000AF168 /* Preview Assets.xcassets */ = {isa = PBXFileReference; lastKnownFileType = folder.assetcatalog; path = "Preview Assets.xcassets"; sourceTree = "<group>"; };
		24B543BE2A324930000AF168 /* RecipesTests.xctest */ = {isa = PBXFileReference; explicitFileType = wrapper.cfbundle; includeInIndex = 0; path = RecipesTests.xctest; sourceTree = BUILT_PRODUCTS_DIR; };
		24B543C22A324930000AF168 /* RecipesTests.swift */ = {isa = PBXFileReference; lastKnownFileType = sourcecode.swift; path = RecipesTests.swift; sourceTree = "<group>"; };
		24B543C82A324930000AF168 /* RecipesUITests.xctest */ = {isa = PBXFileReference; explicitFileType = wrapper.cfbundle; includeInIndex = 0; path = RecipesUITests.xctest; sourceTree = BUILT_PRODUCTS_DIR; };
		24B543CC2A324930000AF168 /* RecipesUITests.swift */ = {isa = PBXFileReference; lastKnownFileType = sourcecode.swift; path = RecipesUITests.swift; sourceTree = "<group>"; };
		24B543CE2A324930000AF168 /* RecipesUITestsLaunchTests.swift */ = {isa = PBXFileReference; lastKnownFileType = sourcecode.swift; path = RecipesUITestsLaunchTests.swift; sourceTree = "<group>"; };
		24B543DF2A3249DB000AF168 /* RecipeServiceCall.swift */ = {isa = PBXFileReference; lastKnownFileType = sourcecode.swift; path = RecipeServiceCall.swift; sourceTree = "<group>"; };
		24B543E22A32A774000AF168 /* RecipeData.swift */ = {isa = PBXFileReference; lastKnownFileType = sourcecode.swift; path = RecipeData.swift; sourceTree = "<group>"; };
		24B543E42A32A85A000AF168 /* RecipeViewModel.swift */ = {isa = PBXFileReference; lastKnownFileType = sourcecode.swift; path = RecipeViewModel.swift; sourceTree = "<group>"; };
		24B543E62A32A8AE000AF168 /* SubView.swift */ = {isa = PBXFileReference; lastKnownFileType = sourcecode.swift; path = SubView.swift; sourceTree = "<group>"; };
		2A96973897267D58DC0D9BEC /* Pods-Recipes-RecipesUITests.debug.xcconfig */ = {isa = PBXFileReference; includeInIndex = 1; lastKnownFileType = text.xcconfig; name = "Pods-Recipes-RecipesUITests.debug.xcconfig"; path = "Target Support Files/Pods-Recipes-RecipesUITests/Pods-Recipes-RecipesUITests.debug.xcconfig"; sourceTree = "<group>"; };
		4114F25AE6F1172479929E75 /* Pods-Recipes.release.xcconfig */ = {isa = PBXFileReference; includeInIndex = 1; lastKnownFileType = text.xcconfig; name = "Pods-Recipes.release.xcconfig"; path = "Target Support Files/Pods-Recipes/Pods-Recipes.release.xcconfig"; sourceTree = "<group>"; };
		4156F71AA7B8FF80D1FE882D /* Pods-Recipes.debug.xcconfig */ = {isa = PBXFileReference; includeInIndex = 1; lastKnownFileType = text.xcconfig; name = "Pods-Recipes.debug.xcconfig"; path = "Target Support Files/Pods-Recipes/Pods-Recipes.debug.xcconfig"; sourceTree = "<group>"; };
		4904BC7D7FADFAE42030120A /* Pods_Recipes.framework */ = {isa = PBXFileReference; explicitFileType = wrapper.framework; includeInIndex = 0; path = Pods_Recipes.framework; sourceTree = BUILT_PRODUCTS_DIR; };
		8422E3DB8CEF785B12534AC5 /* Pods-RecipesTests.debug.xcconfig */ = {isa = PBXFileReference; includeInIndex = 1; lastKnownFileType = text.xcconfig; name = "Pods-RecipesTests.debug.xcconfig"; path = "Target Support Files/Pods-RecipesTests/Pods-RecipesTests.debug.xcconfig"; sourceTree = "<group>"; };
		DB7A0F3894DF386463653876 /* Pods-RecipesTests.release.xcconfig */ = {isa = PBXFileReference; includeInIndex = 1; lastKnownFileType = text.xcconfig; name = "Pods-RecipesTests.release.xcconfig"; path = "Target Support Files/Pods-RecipesTests/Pods-RecipesTests.release.xcconfig"; sourceTree = "<group>"; };
		E590B8CEE6D5E0C54DDA88B3 /* Pods_RecipesTests.framework */ = {isa = PBXFileReference; explicitFileType = wrapper.framework; includeInIndex = 0; path = Pods_RecipesTests.framework; sourceTree = BUILT_PRODUCTS_DIR; };
		FB5BB8074CB1BDEF608D2FF9 /* Pods_Recipes_RecipesUITests.framework */ = {isa = PBXFileReference; explicitFileType = wrapper.framework; includeInIndex = 0; path = Pods_Recipes_RecipesUITests.framework; sourceTree = BUILT_PRODUCTS_DIR; };
/* End PBXFileReference section */

/* Begin PBXFrameworksBuildPhase section */
		24B543AB2A32492E000AF168 /* Frameworks */ = {
			isa = PBXFrameworksBuildPhase;
			buildActionMask = 2147483647;
			files = (
				638200FF90620A78AA9E8956 /* Pods_Recipes.framework in Frameworks */,
			);
			runOnlyForDeploymentPostprocessing = 0;
		};
		24B543BB2A324930000AF168 /* Frameworks */ = {
			isa = PBXFrameworksBuildPhase;
			buildActionMask = 2147483647;
			files = (
				5C6A3BD69134155BA1D1EBE2 /* Pods_RecipesTests.framework in Frameworks */,
			);
			runOnlyForDeploymentPostprocessing = 0;
		};
		24B543C52A324930000AF168 /* Frameworks */ = {
			isa = PBXFrameworksBuildPhase;
			buildActionMask = 2147483647;
			files = (
				484CD36DF2D47A2A2BB29217 /* Pods_Recipes_RecipesUITests.framework in Frameworks */,
			);
			runOnlyForDeploymentPostprocessing = 0;
		};
/* End PBXFrameworksBuildPhase section */

/* Begin PBXGroup section */
		24B543A52A32492E000AF168 = {
			isa = PBXGroup;
			children = (
				24B543B02A32492E000AF168 /* Recipes */,
				24B543C12A324930000AF168 /* RecipesTests */,
				24B543CB2A324930000AF168 /* RecipesUITests */,
				24B543AF2A32492E000AF168 /* Products */,
				AB8172F92A432C14D771FB9D /* Pods */,
				765E56DB969AF27A7853D4D7 /* Frameworks */,
			);
			sourceTree = "<group>";
		};
		24B543AF2A32492E000AF168 /* Products */ = {
			isa = PBXGroup;
			children = (
				24B543AE2A32492E000AF168 /* Recipes.app */,
				24B543BE2A324930000AF168 /* RecipesTests.xctest */,
				24B543C82A324930000AF168 /* RecipesUITests.xctest */,
			);
			name = Products;
			sourceTree = "<group>";
		};
		24B543B02A32492E000AF168 /* Recipes */ = {
			isa = PBXGroup;
			children = (
				24B543DE2A324977000AF168 /* Network */,
				24B543DB2A324948000AF168 /* Model */,
				24B543DC2A324956000AF168 /* View */,
				24B543DD2A324960000AF168 /* ViewModel */,
				24B543B12A32492E000AF168 /* RecipesApp.swift */,
				24B543B52A324930000AF168 /* Assets.xcassets */,
				24B543B72A324930000AF168 /* Preview Content */,
			);
			path = Recipes;
			sourceTree = "<group>";
		};
		24B543B72A324930000AF168 /* Preview Content */ = {
			isa = PBXGroup;
			children = (
				24B543B82A324930000AF168 /* Preview Assets.xcassets */,
			);
			path = "Preview Content";
			sourceTree = "<group>";
		};
		24B543C12A324930000AF168 /* RecipesTests */ = {
			isa = PBXGroup;
			children = (
				24B543C22A324930000AF168 /* RecipesTests.swift */,
			);
			path = RecipesTests;
			sourceTree = "<group>";
		};
		24B543CB2A324930000AF168 /* RecipesUITests */ = {
			isa = PBXGroup;
			children = (
				24B543CC2A324930000AF168 /* RecipesUITests.swift */,
				24B543CE2A324930000AF168 /* RecipesUITestsLaunchTests.swift */,
			);
			path = RecipesUITests;
			sourceTree = "<group>";
		};
		24B543DB2A324948000AF168 /* Model */ = {
			isa = PBXGroup;
			children = (
				24B543E22A32A774000AF168 /* RecipeData.swift */,
			);
			path = Model;
			sourceTree = "<group>";
		};
		24B543DC2A324956000AF168 /* View */ = {
			isa = PBXGroup;
			children = (
				24B543B32A32492E000AF168 /* ContentView.swift */,
				24B543E62A32A8AE000AF168 /* SubView.swift */,
			);
			path = View;
			sourceTree = "<group>";
		};
		24B543DD2A324960000AF168 /* ViewModel */ = {
			isa = PBXGroup;
			children = (
				24B543E42A32A85A000AF168 /* RecipeViewModel.swift */,
			);
			path = ViewModel;
			sourceTree = "<group>";
		};
		24B543DE2A324977000AF168 /* Network */ = {
			isa = PBXGroup;
			children = (
				24B543DF2A3249DB000AF168 /* RecipeServiceCall.swift */,
			);
			path = Network;
			sourceTree = "<group>";
		};
		765E56DB969AF27A7853D4D7 /* Frameworks */ = {
			isa = PBXGroup;
			children = (
				4904BC7D7FADFAE42030120A /* Pods_Recipes.framework */,
				FB5BB8074CB1BDEF608D2FF9 /* Pods_Recipes_RecipesUITests.framework */,
				E590B8CEE6D5E0C54DDA88B3 /* Pods_RecipesTests.framework */,
			);
			name = Frameworks;
			sourceTree = "<group>";
		};
		AB8172F92A432C14D771FB9D /* Pods */ = {
			isa = PBXGroup;
			children = (
				4156F71AA7B8FF80D1FE882D /* Pods-Recipes.debug.xcconfig */,
				4114F25AE6F1172479929E75 /* Pods-Recipes.release.xcconfig */,
				2A96973897267D58DC0D9BEC /* Pods-Recipes-RecipesUITests.debug.xcconfig */,
				1F303A33A4D16D7F36978618 /* Pods-Recipes-RecipesUITests.release.xcconfig */,
				8422E3DB8CEF785B12534AC5 /* Pods-RecipesTests.debug.xcconfig */,
				DB7A0F3894DF386463653876 /* Pods-RecipesTests.release.xcconfig */,
			);
			path = Pods;
			sourceTree = "<group>";
		};
/* End PBXGroup section */

/* Begin PBXNativeTarget section */
		24B543AD2A32492E000AF168 /* Recipes */ = {
			isa = PBXNativeTarget;
			buildConfigurationList = 24B543D22A324930000AF168 /* Build configuration list for PBXNativeTarget "Recipes" */;
			buildPhases = (
				EF7C1EBF6CA49BE4AFC4FB60 /* [CP] Check Pods Manifest.lock */,
				24B543AA2A32492E000AF168 /* Sources */,
				24B543AB2A32492E000AF168 /* Frameworks */,
				24B543AC2A32492E000AF168 /* Resources */,
				BA654A4EADFF8D3138F50FCE /* [CP] Embed Pods Frameworks */,
			);
			buildRules = (
			);
			dependencies = (
			);
			name = Recipes;
			productName = Recipes;
			productReference = 24B543AE2A32492E000AF168 /* Recipes.app */;
			productType = "com.apple.product-type.application";
		};
		24B543BD2A324930000AF168 /* RecipesTests */ = {
			isa = PBXNativeTarget;
			buildConfigurationList = 24B543D52A324930000AF168 /* Build configuration list for PBXNativeTarget "RecipesTests" */;
			buildPhases = (
				C789843BC7339397CCE69880 /* [CP] Check Pods Manifest.lock */,
				24B543BA2A324930000AF168 /* Sources */,
				24B543BB2A324930000AF168 /* Frameworks */,
				24B543BC2A324930000AF168 /* Resources */,
			);
			buildRules = (
			);
			dependencies = (
				24B543C02A324930000AF168 /* PBXTargetDependency */,
			);
			name = RecipesTests;
			productName = RecipesTests;
			productReference = 24B543BE2A324930000AF168 /* RecipesTests.xctest */;
			productType = "com.apple.product-type.bundle.unit-test";
		};
		24B543C72A324930000AF168 /* RecipesUITests */ = {
			isa = PBXNativeTarget;
			buildConfigurationList = 24B543D82A324930000AF168 /* Build configuration list for PBXNativeTarget "RecipesUITests" */;
			buildPhases = (
				925B3A17B01DCDCD4EA97506 /* [CP] Check Pods Manifest.lock */,
				24B543C42A324930000AF168 /* Sources */,
				24B543C52A324930000AF168 /* Frameworks */,
				24B543C62A324930000AF168 /* Resources */,
				8499ABEB7BB1A25CD819618C /* [CP] Embed Pods Frameworks */,
			);
			buildRules = (
			);
			dependencies = (
				24B543CA2A324930000AF168 /* PBXTargetDependency */,
			);
			name = RecipesUITests;
			productName = RecipesUITests;
			productReference = 24B543C82A324930000AF168 /* RecipesUITests.xctest */;
			productType = "com.apple.product-type.bundle.ui-testing";
		};
/* End PBXNativeTarget section */

/* Begin PBXProject section */
		24B543A62A32492E000AF168 /* Project object */ = {
			isa = PBXProject;
			attributes = {
				BuildIndependentTargetsInParallel = 1;
				LastSwiftUpdateCheck = 1430;
				LastUpgradeCheck = 1430;
				TargetAttributes = {
					24B543AD2A32492E000AF168 = {
						CreatedOnToolsVersion = 14.3;
					};
					24B543BD2A324930000AF168 = {
						CreatedOnToolsVersion = 14.3;
						TestTargetID = 24B543AD2A32492E000AF168;
					};
					24B543C72A324930000AF168 = {
						CreatedOnToolsVersion = 14.3;
						TestTargetID = 24B543AD2A32492E000AF168;
					};
				};
			};
			buildConfigurationList = 24B543A92A32492E000AF168 /* Build configuration list for PBXProject "Recipes" */;
			compatibilityVersion = "Xcode 14.0";
			developmentRegion = en;
			hasScannedForEncodings = 0;
			knownRegions = (
				en,
				Base,
			);
			mainGroup = 24B543A52A32492E000AF168;
			productRefGroup = 24B543AF2A32492E000AF168 /* Products */;
			projectDirPath = "";
			projectRoot = "";
			targets = (
				24B543AD2A32492E000AF168 /* Recipes */,
				24B543BD2A324930000AF168 /* RecipesTests */,
				24B543C72A324930000AF168 /* RecipesUITests */,
			);
		};
/* End PBXProject section */

/* Begin PBXResourcesBuildPhase section */
		24B543AC2A32492E000AF168 /* Resources */ = {
			isa = PBXResourcesBuildPhase;
			buildActionMask = 2147483647;
			files = (
				24B543B92A324930000AF168 /* Preview Assets.xcassets in Resources */,
				24B543B62A324930000AF168 /* Assets.xcassets in Resources */,
			);
			runOnlyForDeploymentPostprocessing = 0;
		};
		24B543BC2A324930000AF168 /* Resources */ = {
			isa = PBXResourcesBuildPhase;
			buildActionMask = 2147483647;
			files = (
			);
			runOnlyForDeploymentPostprocessing = 0;
		};
		24B543C62A324930000AF168 /* Resources */ = {
			isa = PBXResourcesBuildPhase;
			buildActionMask = 2147483647;
			files = (
			);
			runOnlyForDeploymentPostprocessing = 0;
		};
/* End PBXResourcesBuildPhase section */

/* Begin PBXShellScriptBuildPhase section */
		8499ABEB7BB1A25CD819618C /* [CP] Embed Pods Frameworks */ = {
			isa = PBXShellScriptBuildPhase;
			buildActionMask = 2147483647;
			files = (
			);
			inputFileListPaths = (
				"${PODS_ROOT}/Target Support Files/Pods-Recipes-RecipesUITests/Pods-Recipes-RecipesUITests-frameworks-${CONFIGURATION}-input-files.xcfilelist",
			);
			name = "[CP] Embed Pods Frameworks";
			outputFileListPaths = (
				"${PODS_ROOT}/Target Support Files/Pods-Recipes-RecipesUITests/Pods-Recipes-RecipesUITests-frameworks-${CONFIGURATION}-output-files.xcfilelist",
			);
			runOnlyForDeploymentPostprocessing = 0;
			shellPath = /bin/sh;
			shellScript = "\"${PODS_ROOT}/Target Support Files/Pods-Recipes-RecipesUITests/Pods-Recipes-RecipesUITests-frameworks.sh\"\n";
			showEnvVarsInLog = 0;
		};
		925B3A17B01DCDCD4EA97506 /* [CP] Check Pods Manifest.lock */ = {
			isa = PBXShellScriptBuildPhase;
			buildActionMask = 2147483647;
			files = (
			);
			inputFileListPaths = (
			);
			inputPaths = (
				"${PODS_PODFILE_DIR_PATH}/Podfile.lock",
				"${PODS_ROOT}/Manifest.lock",
			);
			name = "[CP] Check Pods Manifest.lock";
			outputFileListPaths = (
			);
			outputPaths = (
				"$(DERIVED_FILE_DIR)/Pods-Recipes-RecipesUITests-checkManifestLockResult.txt",
			);
			runOnlyForDeploymentPostprocessing = 0;
			shellPath = /bin/sh;
			shellScript = "diff \"${PODS_PODFILE_DIR_PATH}/Podfile.lock\" \"${PODS_ROOT}/Manifest.lock\" > /dev/null\nif [ $? != 0 ] ; then\n    # print error to STDERR\n    echo \"error: The sandbox is not in sync with the Podfile.lock. Run 'pod install' or update your CocoaPods installation.\" >&2\n    exit 1\nfi\n# This output is used by Xcode 'outputs' to avoid re-running this script phase.\necho \"SUCCESS\" > \"${SCRIPT_OUTPUT_FILE_0}\"\n";
			showEnvVarsInLog = 0;
		};
		BA654A4EADFF8D3138F50FCE /* [CP] Embed Pods Frameworks */ = {
			isa = PBXShellScriptBuildPhase;
			buildActionMask = 2147483647;
			files = (
			);
			inputFileListPaths = (
				"${PODS_ROOT}/Target Support Files/Pods-Recipes/Pods-Recipes-frameworks-${CONFIGURATION}-input-files.xcfilelist",
			);
			name = "[CP] Embed Pods Frameworks";
			outputFileListPaths = (
				"${PODS_ROOT}/Target Support Files/Pods-Recipes/Pods-Recipes-frameworks-${CONFIGURATION}-output-files.xcfilelist",
			);
			runOnlyForDeploymentPostprocessing = 0;
			shellPath = /bin/sh;
			shellScript = "\"${PODS_ROOT}/Target Support Files/Pods-Recipes/Pods-Recipes-frameworks.sh\"\n";
			showEnvVarsInLog = 0;
		};
		C789843BC7339397CCE69880 /* [CP] Check Pods Manifest.lock */ = {
			isa = PBXShellScriptBuildPhase;
			buildActionMask = 2147483647;
			files = (
			);
			inputFileListPaths = (
			);
			inputPaths = (
				"${PODS_PODFILE_DIR_PATH}/Podfile.lock",
				"${PODS_ROOT}/Manifest.lock",
			);
			name = "[CP] Check Pods Manifest.lock";
			outputFileListPaths = (
			);
			outputPaths = (
				"$(DERIVED_FILE_DIR)/Pods-RecipesTests-checkManifestLockResult.txt",
			);
			runOnlyForDeploymentPostprocessing = 0;
			shellPath = /bin/sh;
			shellScript = "diff \"${PODS_PODFILE_DIR_PATH}/Podfile.lock\" \"${PODS_ROOT}/Manifest.lock\" > /dev/null\nif [ $? != 0 ] ; then\n    # print error to STDERR\n    echo \"error: The sandbox is not in sync with the Podfile.lock. Run 'pod install' or update your CocoaPods installation.\" >&2\n    exit 1\nfi\n# This output is used by Xcode 'outputs' to avoid re-running this script phase.\necho \"SUCCESS\" > \"${SCRIPT_OUTPUT_FILE_0}\"\n";
			showEnvVarsInLog = 0;
		};
		EF7C1EBF6CA49BE4AFC4FB60 /* [CP] Check Pods Manifest.lock */ = {
			isa = PBXShellScriptBuildPhase;
			buildActionMask = 2147483647;
			files = (
			);
			inputFileListPaths = (
			);
			inputPaths = (
				"${PODS_PODFILE_DIR_PATH}/Podfile.lock",
				"${PODS_ROOT}/Manifest.lock",
			);
			name = "[CP] Check Pods Manifest.lock";
			outputFileListPaths = (
			);
			outputPaths = (
				"$(DERIVED_FILE_DIR)/Pods-Recipes-checkManifestLockResult.txt",
			);
			runOnlyForDeploymentPostprocessing = 0;
			shellPath = /bin/sh;
			shellScript = "diff \"${PODS_PODFILE_DIR_PATH}/Podfile.lock\" \"${PODS_ROOT}/Manifest.lock\" > /dev/null\nif [ $? != 0 ] ; then\n    # print error to STDERR\n    echo \"error: The sandbox is not in sync with the Podfile.lock. Run 'pod install' or update your CocoaPods installation.\" >&2\n    exit 1\nfi\n# This output is used by Xcode 'outputs' to avoid re-running this script phase.\necho \"SUCCESS\" > \"${SCRIPT_OUTPUT_FILE_0}\"\n";
			showEnvVarsInLog = 0;
		};
/* End PBXShellScriptBuildPhase section */

/* Begin PBXSourcesBuildPhase section */
		24B543AA2A32492E000AF168 /* Sources */ = {
			isa = PBXSourcesBuildPhase;
			buildActionMask = 2147483647;
			files = (
				24B543E02A3249DB000AF168 /* RecipeServiceCall.swift in Sources */,
				24B543E32A32A774000AF168 /* RecipeData.swift in Sources */,
				24B543B42A32492E000AF168 /* ContentView.swift in Sources */,
				24B543E72A32A8AE000AF168 /* SubView.swift in Sources */,
				24B543E52A32A85A000AF168 /* RecipeViewModel.swift in Sources */,
				24B543B22A32492E000AF168 /* RecipesApp.swift in Sources */,
			);
			runOnlyForDeploymentPostprocessing = 0;
		};
		24B543BA2A324930000AF168 /* Sources */ = {
			isa = PBXSourcesBuildPhase;
			buildActionMask = 2147483647;
			files = (
				24B543C32A324930000AF168 /* RecipesTests.swift in Sources */,
			);
			runOnlyForDeploymentPostprocessing = 0;
		};
		24B543C42A324930000AF168 /* Sources */ = {
			isa = PBXSourcesBuildPhase;
			buildActionMask = 2147483647;
			files = (
				24B543CF2A324930000AF168 /* RecipesUITestsLaunchTests.swift in Sources */,
				24B543CD2A324930000AF168 /* RecipesUITests.swift in Sources */,
			);
			runOnlyForDeploymentPostprocessing = 0;
		};
/* End PBXSourcesBuildPhase section */

/* Begin PBXTargetDependency section */
		24B543C02A324930000AF168 /* PBXTargetDependency */ = {
			isa = PBXTargetDependency;
			target = 24B543AD2A32492E000AF168 /* Recipes */;
			targetProxy = 24B543BF2A324930000AF168 /* PBXContainerItemProxy */;
		};
		24B543CA2A324930000AF168 /* PBXTargetDependency */ = {
			isa = PBXTargetDependency;
			target = 24B543AD2A32492E000AF168 /* Recipes */;
			targetProxy = 24B543C92A324930000AF168 /* PBXContainerItemProxy */;
		};
/* End PBXTargetDependency section */

/* Begin XCBuildConfiguration section */
		24B543D02A324930000AF168 /* Debug */ = {
			isa = XCBuildConfiguration;
			buildSettings = {
				ALWAYS_SEARCH_USER_PATHS = NO;
				CLANG_ANALYZER_NONNULL = YES;
				CLANG_ANALYZER_NUMBER_OBJECT_CONVERSION = YES_AGGRESSIVE;
				CLANG_CXX_LANGUAGE_STANDARD = "gnu++20";
				CLANG_ENABLE_MODULES = YES;
				CLANG_ENABLE_OBJC_ARC = YES;
				CLANG_ENABLE_OBJC_WEAK = YES;
				CLANG_WARN_BLOCK_CAPTURE_AUTORELEASING = YES;
				CLANG_WARN_BOOL_CONVERSION = YES;
				CLANG_WARN_COMMA = YES;
				CLANG_WARN_CONSTANT_CONVERSION = YES;
				CLANG_WARN_DEPRECATED_OBJC_IMPLEMENTATIONS = YES;
				CLANG_WARN_DIRECT_OBJC_ISA_USAGE = YES_ERROR;
				CLANG_WARN_DOCUMENTATION_COMMENTS = YES;
				CLANG_WARN_EMPTY_BODY = YES;
				CLANG_WARN_ENUM_CONVERSION = YES;
				CLANG_WARN_INFINITE_RECURSION = YES;
				CLANG_WARN_INT_CONVERSION = YES;
				CLANG_WARN_NON_LITERAL_NULL_CONVERSION = YES;
				CLANG_WARN_OBJC_IMPLICIT_RETAIN_SELF = YES;
				CLANG_WARN_OBJC_LITERAL_CONVERSION = YES;
				CLANG_WARN_OBJC_ROOT_CLASS = YES_ERROR;
				CLANG_WARN_QUOTED_INCLUDE_IN_FRAMEWORK_HEADER = YES;
				CLANG_WARN_RANGE_LOOP_ANALYSIS = YES;
				CLANG_WARN_STRICT_PROTOTYPES = YES;
				CLANG_WARN_SUSPICIOUS_MOVE = YES;
				CLANG_WARN_UNGUARDED_AVAILABILITY = YES_AGGRESSIVE;
				CLANG_WARN_UNREACHABLE_CODE = YES;
				CLANG_WARN__DUPLICATE_METHOD_MATCH = YES;
				COPY_PHASE_STRIP = NO;
				DEBUG_INFORMATION_FORMAT = dwarf;
				ENABLE_STRICT_OBJC_MSGSEND = YES;
				ENABLE_TESTABILITY = YES;
				GCC_C_LANGUAGE_STANDARD = gnu11;
				GCC_DYNAMIC_NO_PIC = NO;
				GCC_NO_COMMON_BLOCKS = YES;
				GCC_OPTIMIZATION_LEVEL = 0;
				GCC_PREPROCESSOR_DEFINITIONS = (
					"DEBUG=1",
					"$(inherited)",
				);
				GCC_WARN_64_TO_32_BIT_CONVERSION = YES;
				GCC_WARN_ABOUT_RETURN_TYPE = YES_ERROR;
				GCC_WARN_UNDECLARED_SELECTOR = YES;
				GCC_WARN_UNINITIALIZED_AUTOS = YES_AGGRESSIVE;
				GCC_WARN_UNUSED_FUNCTION = YES;
				GCC_WARN_UNUSED_VARIABLE = YES;
				IPHONEOS_DEPLOYMENT_TARGET = 16.4;
				MTL_ENABLE_DEBUG_INFO = INCLUDE_SOURCE;
				MTL_FAST_MATH = YES;
				ONLY_ACTIVE_ARCH = YES;
				SDKROOT = iphoneos;
				SWIFT_ACTIVE_COMPILATION_CONDITIONS = DEBUG;
				SWIFT_OPTIMIZATION_LEVEL = "-Onone";
			};
			name = Debug;
		};
		24B543D12A324930000AF168 /* Release */ = {
			isa = XCBuildConfiguration;
			buildSettings = {
				ALWAYS_SEARCH_USER_PATHS = NO;
				CLANG_ANALYZER_NONNULL = YES;
				CLANG_ANALYZER_NUMBER_OBJECT_CONVERSION = YES_AGGRESSIVE;
				CLANG_CXX_LANGUAGE_STANDARD = "gnu++20";
				CLANG_ENABLE_MODULES = YES;
				CLANG_ENABLE_OBJC_ARC = YES;
				CLANG_ENABLE_OBJC_WEAK = YES;
				CLANG_WARN_BLOCK_CAPTURE_AUTORELEASING = YES;
				CLANG_WARN_BOOL_CONVERSION = YES;
				CLANG_WARN_COMMA = YES;
				CLANG_WARN_CONSTANT_CONVERSION = YES;
				CLANG_WARN_DEPRECATED_OBJC_IMPLEMENTATIONS = YES;
				CLANG_WARN_DIRECT_OBJC_ISA_USAGE = YES_ERROR;
				CLANG_WARN_DOCUMENTATION_COMMENTS = YES;
				CLANG_WARN_EMPTY_BODY = YES;
				CLANG_WARN_ENUM_CONVERSION = YES;
				CLANG_WARN_INFINITE_RECURSION = YES;
				CLANG_WARN_INT_CONVERSION = YES;
				CLANG_WARN_NON_LITERAL_NULL_CONVERSION = YES;
				CLANG_WARN_OBJC_IMPLICIT_RETAIN_SELF = YES;
				CLANG_WARN_OBJC_LITERAL_CONVERSION = YES;
				CLANG_WARN_OBJC_ROOT_CLASS = YES_ERROR;
				CLANG_WARN_QUOTED_INCLUDE_IN_FRAMEWORK_HEADER = YES;
				CLANG_WARN_RANGE_LOOP_ANALYSIS = YES;
				CLANG_WARN_STRICT_PROTOTYPES = YES;
				CLANG_WARN_SUSPICIOUS_MOVE = YES;
				CLANG_WARN_UNGUARDED_AVAILABILITY = YES_AGGRESSIVE;
				CLANG_WARN_UNREACHABLE_CODE = YES;
				CLANG_WARN__DUPLICATE_METHOD_MATCH = YES;
				COPY_PHASE_STRIP = NO;
				DEBUG_INFORMATION_FORMAT = "dwarf-with-dsym";
				ENABLE_NS_ASSERTIONS = NO;
				ENABLE_STRICT_OBJC_MSGSEND = YES;
				GCC_C_LANGUAGE_STANDARD = gnu11;
				GCC_NO_COMMON_BLOCKS = YES;
				GCC_WARN_64_TO_32_BIT_CONVERSION = YES;
				GCC_WARN_ABOUT_RETURN_TYPE = YES_ERROR;
				GCC_WARN_UNDECLARED_SELECTOR = YES;
				GCC_WARN_UNINITIALIZED_AUTOS = YES_AGGRESSIVE;
				GCC_WARN_UNUSED_FUNCTION = YES;
				GCC_WARN_UNUSED_VARIABLE = YES;
				IPHONEOS_DEPLOYMENT_TARGET = 16.4;
				MTL_ENABLE_DEBUG_INFO = NO;
				MTL_FAST_MATH = YES;
				SDKROOT = iphoneos;
				SWIFT_COMPILATION_MODE = wholemodule;
				SWIFT_OPTIMIZATION_LEVEL = "-O";
				VALIDATE_PRODUCT = YES;
			};
			name = Release;
		};
		24B543D32A324930000AF168 /* Debug */ = {
			isa = XCBuildConfiguration;
			baseConfigurationReference = 4156F71AA7B8FF80D1FE882D /* Pods-Recipes.debug.xcconfig */;
			buildSettings = {
				ASSETCATALOG_COMPILER_APPICON_NAME = AppIcon;
				ASSETCATALOG_COMPILER_GLOBAL_ACCENT_COLOR_NAME = AccentColor;
				CODE_SIGN_STYLE = Automatic;
				CURRENT_PROJECT_VERSION = 1;
				DEVELOPMENT_ASSET_PATHS = "\"Recipes/Preview Content\"";
				ENABLE_PREVIEWS = YES;
				GENERATE_INFOPLIST_FILE = YES;
				INFOPLIST_KEY_UIApplicationSceneManifest_Generation = YES;
				INFOPLIST_KEY_UIApplicationSupportsIndirectInputEvents = YES;
				INFOPLIST_KEY_UILaunchScreen_Generation = YES;
				INFOPLIST_KEY_UISupportedInterfaceOrientations_iPad = "UIInterfaceOrientationPortrait UIInterfaceOrientationPortraitUpsideDown UIInterfaceOrientationLandscapeLeft UIInterfaceOrientationLandscapeRight";
				INFOPLIST_KEY_UISupportedInterfaceOrientations_iPhone = "UIInterfaceOrientationPortrait UIInterfaceOrientationLandscapeLeft UIInterfaceOrientationLandscapeRight";
				LD_RUNPATH_SEARCH_PATHS = (
					"$(inherited)",
					"@executable_path/Frameworks",
				);
				MARKETING_VERSION = 1.0;
				NEW_SETTING_kh = "";
				PRODUCT_BUNDLE_IDENTIFIER = com.fernandoBabonoyaba.Recipes;
				PRODUCT_NAME = "$(TARGET_NAME)";
				SWIFT_EMIT_LOC_STRINGS = YES;
				SWIFT_VERSION = 5.0;
				TARGETED_DEVICE_FAMILY = "1,2";
			};
			name = Debug;
		};
		24B543D42A324930000AF168 /* Release */ = {
			isa = XCBuildConfiguration;
			baseConfigurationReference = 4114F25AE6F1172479929E75 /* Pods-Recipes.release.xcconfig */;
			buildSettings = {
				ASSETCATALOG_COMPILER_APPICON_NAME = AppIcon;
				ASSETCATALOG_COMPILER_GLOBAL_ACCENT_COLOR_NAME = AccentColor;
				CODE_SIGN_STYLE = Automatic;
				CURRENT_PROJECT_VERSION = 1;
				DEVELOPMENT_ASSET_PATHS = "\"Recipes/Preview Content\"";
				ENABLE_PREVIEWS = YES;
				GENERATE_INFOPLIST_FILE = YES;
				INFOPLIST_KEY_UIApplicationSceneManifest_Generation = YES;
				INFOPLIST_KEY_UIApplicationSupportsIndirectInputEvents = YES;
				INFOPLIST_KEY_UILaunchScreen_Generation = YES;
				INFOPLIST_KEY_UISupportedInterfaceOrientations_iPad = "UIInterfaceOrientationPortrait UIInterfaceOrientationPortraitUpsideDown UIInterfaceOrientationLandscapeLeft UIInterfaceOrientationLandscapeRight";
				INFOPLIST_KEY_UISupportedInterfaceOrientations_iPhone = "UIInterfaceOrientationPortrait UIInterfaceOrientationLandscapeLeft UIInterfaceOrientationLandscapeRight";
				LD_RUNPATH_SEARCH_PATHS = (
					"$(inherited)",
					"@executable_path/Frameworks",
				);
				MARKETING_VERSION = 1.0;
				NEW_SETTING_kh = "";
				PRODUCT_BUNDLE_IDENTIFIER = com.fernandoBabonoyaba.Recipes;
				PRODUCT_NAME = "$(TARGET_NAME)";
				SWIFT_EMIT_LOC_STRINGS = YES;
				SWIFT_VERSION = 5.0;
				TARGETED_DEVICE_FAMILY = "1,2";
			};
			name = Release;
		};
		24B543D62A324930000AF168 /* Debug */ = {
			isa = XCBuildConfiguration;
			baseConfigurationReference = 8422E3DB8CEF785B12534AC5 /* Pods-RecipesTests.debug.xcconfig */;
			buildSettings = {
				ALWAYS_EMBED_SWIFT_STANDARD_LIBRARIES = YES;
				BUNDLE_LOADER = "$(TEST_HOST)";
				CODE_SIGN_STYLE = Automatic;
				CURRENT_PROJECT_VERSION = 1;
				GENERATE_INFOPLIST_FILE = YES;
				IPHONEOS_DEPLOYMENT_TARGET = 16.4;
				MARKETING_VERSION = 1.0;
				PRODUCT_BUNDLE_IDENTIFIER = com.fernandoBabonoyaba.RecipesTests;
				PRODUCT_NAME = "$(TARGET_NAME)";
				SWIFT_EMIT_LOC_STRINGS = NO;
				SWIFT_VERSION = 5.0;
				TARGETED_DEVICE_FAMILY = "1,2";
				TEST_HOST = "$(BUILT_PRODUCTS_DIR)/Recipes.app/$(BUNDLE_EXECUTABLE_FOLDER_PATH)/Recipes";
			};
			name = Debug;
		};
		24B543D72A324930000AF168 /* Release */ = {
			isa = XCBuildConfiguration;
			baseConfigurationReference = DB7A0F3894DF386463653876 /* Pods-RecipesTests.release.xcconfig */;
			buildSettings = {
				ALWAYS_EMBED_SWIFT_STANDARD_LIBRARIES = YES;
				BUNDLE_LOADER = "$(TEST_HOST)";
				CODE_SIGN_STYLE = Automatic;
				CURRENT_PROJECT_VERSION = 1;
				GENERATE_INFOPLIST_FILE = YES;
				IPHONEOS_DEPLOYMENT_TARGET = 16.4;
				MARKETING_VERSION = 1.0;
				PRODUCT_BUNDLE_IDENTIFIER = com.fernandoBabonoyaba.RecipesTests;
				PRODUCT_NAME = "$(TARGET_NAME)";
				SWIFT_EMIT_LOC_STRINGS = NO;
				SWIFT_VERSION = 5.0;
				TARGETED_DEVICE_FAMILY = "1,2";
				TEST_HOST = "$(BUILT_PRODUCTS_DIR)/Recipes.app/$(BUNDLE_EXECUTABLE_FOLDER_PATH)/Recipes";
			};
			name = Release;
		};
		24B543D92A324930000AF168 /* Debug */ = {
			isa = XCBuildConfiguration;
			baseConfigurationReference = 2A96973897267D58DC0D9BEC /* Pods-Recipes-RecipesUITests.debug.xcconfig */;
			buildSettings = {
				ALWAYS_EMBED_SWIFT_STANDARD_LIBRARIES = YES;
				CODE_SIGN_STYLE = Automatic;
				CURRENT_PROJECT_VERSION = 1;
				GENERATE_INFOPLIST_FILE = YES;
				MARKETING_VERSION = 1.0;
				PRODUCT_BUNDLE_IDENTIFIER = com.fernandoBabonoyaba.RecipesUITests;
				PRODUCT_NAME = "$(TARGET_NAME)";
				SWIFT_EMIT_LOC_STRINGS = NO;
				SWIFT_VERSION = 5.0;
				TARGETED_DEVICE_FAMILY = "1,2";
				TEST_TARGET_NAME = Recipes;
			};
			name = Debug;
		};
		24B543DA2A324930000AF168 /* Release */ = {
			isa = XCBuildConfiguration;
			baseConfigurationReference = 1F303A33A4D16D7F36978618 /* Pods-Recipes-RecipesUITests.release.xcconfig */;
			buildSettings = {
				ALWAYS_EMBED_SWIFT_STANDARD_LIBRARIES = YES;
				CODE_SIGN_STYLE = Automatic;
				CURRENT_PROJECT_VERSION = 1;
				GENERATE_INFOPLIST_FILE = YES;
				MARKETING_VERSION = 1.0;
				PRODUCT_BUNDLE_IDENTIFIER = com.fernandoBabonoyaba.RecipesUITests;
				PRODUCT_NAME = "$(TARGET_NAME)";
				SWIFT_EMIT_LOC_STRINGS = NO;
				SWIFT_VERSION = 5.0;
				TARGETED_DEVICE_FAMILY = "1,2";
				TEST_TARGET_NAME = Recipes;
			};
			name = Release;
		};
/* End XCBuildConfiguration section */

/* Begin XCConfigurationList section */
		24B543A92A32492E000AF168 /* Build configuration list for PBXProject "Recipes" */ = {
			isa = XCConfigurationList;
			buildConfigurations = (
				24B543D02A324930000AF168 /* Debug */,
				24B543D12A324930000AF168 /* Release */,
			);
			defaultConfigurationIsVisible = 0;
			defaultConfigurationName = Release;
		};
		24B543D22A324930000AF168 /* Build configuration list for PBXNativeTarget "Recipes" */ = {
			isa = XCConfigurationList;
			buildConfigurations = (
				24B543D32A324930000AF168 /* Debug */,
				24B543D42A324930000AF168 /* Release */,
			);
			defaultConfigurationIsVisible = 0;
			defaultConfigurationName = Release;
		};
		24B543D52A324930000AF168 /* Build configuration list for PBXNativeTarget "RecipesTests" */ = {
			isa = XCConfigurationList;
			buildConfigurations = (
				24B543D62A324930000AF168 /* Debug */,
				24B543D72A324930000AF168 /* Release */,
			);
			defaultConfigurationIsVisible = 0;
			defaultConfigurationName = Release;
		};
		24B543D82A324930000AF168 /* Build configuration list for PBXNativeTarget "RecipesUITests" */ = {
			isa = XCConfigurationList;
			buildConfigurations = (
				24B543D92A324930000AF168 /* Debug */,
				24B543DA2A324930000AF168 /* Release */,
			);
			defaultConfigurationIsVisible = 0;
			defaultConfigurationName = Release;
		};
/* End XCConfigurationList section */
	};
	rootObject = 24B543A62A32492E000AF168 /* Project object */;
}
